// !$*UTF8*$!
{
	archiveVersion = 1;
	classes = {
	};
	objectVersion = 46;
	objects = {

/* Begin PBXBuildFile section */
		532192CE1A6A9CA800A682A8 /* BYDailyNewsTests.m in Sources */ = {isa = PBXBuildFile; fileRef = 532192CD1A6A9CA800A682A8 /* BYDailyNewsTests.m */; };
		532192DC1A6A9FD400A682A8 /* BYMainController.m in Sources */ = {isa = PBXBuildFile; fileRef = 532192DB1A6A9FD400A682A8 /* BYMainController.m */; };
		5353B2691A6FEDA500163594 /* Arrow.png in Resources */ = {isa = PBXBuildFile; fileRef = 5353B24C1A6FEDA500163594 /* Arrow.png */; };
		5353B26A1A6FEDA500163594 /* delete.png in Resources */ = {isa = PBXBuildFile; fileRef = 5353B24D1A6FEDA500163594 /* delete.png */; };
		5353B26B1A6FEDA500163594 /* head.jpg in Resources */ = {isa = PBXBuildFile; fileRef = 5353B24E1A6FEDA500163594 /* head.jpg */; };
		5353B26C1A6FEDA500163594 /* nav_bg.png in Resources */ = {isa = PBXBuildFile; fileRef = 5353B24F1A6FEDA500163594 /* nav_bg.png */; };
		5353B26D1A6FEDA500163594 /* Images.xcassets in Resources */ = {isa = PBXBuildFile; fileRef = 5353B2501A6FEDA500163594 /* Images.xcassets */; };
		5353B26E1A6FEDA500163594 /* Info.plist in Resources */ = {isa = PBXBuildFile; fileRef = 5353B2511A6FEDA500163594 /* Info.plist */; };
		5353B26F1A6FEDA500163594 /* main.m in Sources */ = {isa = PBXBuildFile; fileRef = 5353B2521A6FEDA500163594 /* main.m */; };
		5353B2701A6FEDA500163594 /* AppDelegate.m in Sources */ = {isa = PBXBuildFile; fileRef = 5353B2551A6FEDA500163594 /* AppDelegate.m */; };
		5353B2711A6FEDA500163594 /* BYConditionBar.m in Sources */ = {isa = PBXBuildFile; fileRef = 5353B2581A6FEDA500163594 /* BYConditionBar.m */; };
		5353B2721A6FEDA500163594 /* BYSelectionDetails.m in Sources */ = {isa = PBXBuildFile; fileRef = 5353B25A1A6FEDA500163594 /* BYSelectionDetails.m */; };
		5353B2731A6FEDA500163594 /* BYSelectionView.m in Sources */ = {isa = PBXBuildFile; fileRef = 5353B25C1A6FEDA500163594 /* BYSelectionView.m */; };
		5353B2741A6FEDA500163594 /* BYSelectNewBar.m in Sources */ = {isa = PBXBuildFile; fileRef = 5353B25E1A6FEDA500163594 /* BYSelectNewBar.m */; };
		5353B2751A6FEDA500163594 /* otherProperties.plist in Resources */ = {isa = PBXBuildFile; fileRef = 5353B25F1A6FEDA500163594 /* otherProperties.plist */; };
		5353B2761A6FEDA500163594 /* properties.plist in Resources */ = {isa = PBXBuildFile; fileRef = 5353B2601A6FEDA500163594 /* properties.plist */; };
		5353B2771A6FEDA500163594 /* SelectionButton.m in Sources */ = {isa = PBXBuildFile; fileRef = 5353B2621A6FEDA500163594 /* SelectionButton.m */; };
		5353B2781A6FEDA500163594 /* UIButton+BY.m in Sources */ = {isa = PBXBuildFile; fileRef = 5353B2641A6FEDA500163594 /* UIButton+BY.m */; };
		5353B2801A6FEDA900163594 /* LaunchScreen.xib in Resources */ = {isa = PBXBuildFile; fileRef = 5353B27C1A6FEDA900163594 /* LaunchScreen.xib */; };
		5353B2811A6FEDA900163594 /* Main.storyboard in Resources */ = {isa = PBXBuildFile; fileRef = 5353B27E1A6FEDA900163594 /* Main.storyboard */; };
/* End PBXBuildFile section */

/* Begin PBXContainerItemProxy section */
		532192C81A6A9CA800A682A8 /* PBXContainerItemProxy */ = {
			isa = PBXContainerItemProxy;
			containerPortal = 532192A61A6A9CA800A682A8 /* Project object */;
			proxyType = 1;
			remoteGlobalIDString = 532192AD1A6A9CA800A682A8;
			remoteInfo = BYDailyNews;
		};
/* End PBXContainerItemProxy section */

/* Begin PBXFileReference section */
		532192AE1A6A9CA800A682A8 /* BYDailyNews.app */ = {isa = PBXFileReference; explicitFileType = wrapper.application; includeInIndex = 0; path = BYDailyNews.app; sourceTree = BUILT_PRODUCTS_DIR; };
		532192C71A6A9CA800A682A8 /* BYDailyNewsTests.xctest */ = {isa = PBXFileReference; explicitFileType = wrapper.cfbundle; includeInIndex = 0; path = BYDailyNewsTests.xctest; sourceTree = BUILT_PRODUCTS_DIR; };
		532192CC1A6A9CA800A682A8 /* Info.plist */ = {isa = PBXFileReference; lastKnownFileType = text.plist.xml; path = Info.plist; sourceTree = "<group>"; };
		532192CD1A6A9CA800A682A8 /* BYDailyNewsTests.m */ = {isa = PBXFileReference; lastKnownFileType = sourcecode.c.objc; path = BYDailyNewsTests.m; sourceTree = "<group>"; };
		532192DA1A6A9FD400A682A8 /* BYMainController.h */ = {isa = PBXFileReference; fileEncoding = 4; lastKnownFileType = sourcecode.c.h; path = BYMainController.h; sourceTree = "<group>"; };
		532192DB1A6A9FD400A682A8 /* BYMainController.m */ = {isa = PBXFileReference; fileEncoding = 4; lastKnownFileType = sourcecode.c.objc; path = BYMainController.m; sourceTree = "<group>"; };
		5353B24C1A6FEDA500163594 /* Arrow.png */ = {isa = PBXFileReference; lastKnownFileType = image.png; path = Arrow.png; sourceTree = "<group>"; };
		5353B24D1A6FEDA500163594 /* delete.png */ = {isa = PBXFileReference; lastKnownFileType = image.png; path = delete.png; sourceTree = "<group>"; };
		5353B24E1A6FEDA500163594 /* head.jpg */ = {isa = PBXFileReference; lastKnownFileType = image.jpeg; path = head.jpg; sourceTree = "<group>"; };
		5353B24F1A6FEDA500163594 /* nav_bg.png */ = {isa = PBXFileReference; lastKnownFileType = image.png; path = nav_bg.png; sourceTree = "<group>"; };
		5353B2501A6FEDA500163594 /* Images.xcassets */ = {isa = PBXFileReference; lastKnownFileType = folder.assetcatalog; path = Images.xcassets; sourceTree = "<group>"; };
		5353B2511A6FEDA500163594 /* Info.plist */ = {isa = PBXFileReference; fileEncoding = 4; lastKnownFileType = text.plist.xml; path = Info.plist; sourceTree = "<group>"; };
		5353B2521A6FEDA500163594 /* main.m */ = {isa = PBXFileReference; fileEncoding = 4; lastKnownFileType = sourcecode.c.objc; path = main.m; sourceTree = "<group>"; };
		5353B2541A6FEDA500163594 /* AppDelegate.h */ = {isa = PBXFileReference; fileEncoding = 4; lastKnownFileType = sourcecode.c.h; path = AppDelegate.h; sourceTree = "<group>"; };
		5353B2551A6FEDA500163594 /* AppDelegate.m */ = {isa = PBXFileReference; fileEncoding = 4; lastKnownFileType = sourcecode.c.objc; path = AppDelegate.m; sourceTree = "<group>"; };
		5353B2571A6FEDA500163594 /* BYConditionBar.h */ = {isa = PBXFileReference; fileEncoding = 4; lastKnownFileType = sourcecode.c.h; path = BYConditionBar.h; sourceTree = "<group>"; };
		5353B2581A6FEDA500163594 /* BYConditionBar.m */ = {isa = PBXFileReference; fileEncoding = 4; lastKnownFileType = sourcecode.c.objc; path = BYConditionBar.m; sourceTree = "<group>"; };
		5353B2591A6FEDA500163594 /* BYSelectionDetails.h */ = {isa = PBXFileReference; fileEncoding = 4; lastKnownFileType = sourcecode.c.h; path = BYSelectionDetails.h; sourceTree = "<group>"; };
		5353B25A1A6FEDA500163594 /* BYSelectionDetails.m */ = {isa = PBXFileReference; fileEncoding = 4; lastKnownFileType = sourcecode.c.objc; path = BYSelectionDetails.m; sourceTree = "<group>"; };
		5353B25B1A6FEDA500163594 /* BYSelectionView.h */ = {isa = PBXFileReference; fileEncoding = 4; lastKnownFileType = sourcecode.c.h; path = BYSelectionView.h; sourceTree = "<group>"; };
		5353B25C1A6FEDA500163594 /* BYSelectionView.m */ = {isa = PBXFileReference; fileEncoding = 4; lastKnownFileType = sourcecode.c.objc; path = BYSelectionView.m; sourceTree = "<group>"; };
		5353B25D1A6FEDA500163594 /* BYSelectNewBar.h */ = {isa = PBXFileReference; fileEncoding = 4; lastKnownFileType = sourcecode.c.h; path = BYSelectNewBar.h; sourceTree = "<group>"; };
		5353B25E1A6FEDA500163594 /* BYSelectNewBar.m */ = {isa = PBXFileReference; fileEncoding = 4; lastKnownFileType = sourcecode.c.objc; path = BYSelectNewBar.m; sourceTree = "<group>"; };
		5353B25F1A6FEDA500163594 /* otherProperties.plist */ = {isa = PBXFileReference; fileEncoding = 4; lastKnownFileType = text.plist.xml; path = otherProperties.plist; sourceTree = "<group>"; };
		5353B2601A6FEDA500163594 /* properties.plist */ = {isa = PBXFileReference; fileEncoding = 4; lastKnownFileType = text.plist.xml; path = properties.plist; sourceTree = "<group>"; };
		5353B2611A6FEDA500163594 /* SelectionButton.h */ = {isa = PBXFileReference; fileEncoding = 4; lastKnownFileType = sourcecode.c.h; path = SelectionButton.h; sourceTree = "<group>"; };
		5353B2621A6FEDA500163594 /* SelectionButton.m */ = {isa = PBXFileReference; fileEncoding = 4; lastKnownFileType = sourcecode.c.objc; path = SelectionButton.m; sourceTree = "<group>"; };
		5353B2631A6FEDA500163594 /* UIButton+BY.h */ = {isa = PBXFileReference; fileEncoding = 4; lastKnownFileType = sourcecode.c.h; path = "UIButton+BY.h"; sourceTree = "<group>"; };
		5353B2641A6FEDA500163594 /* UIButton+BY.m */ = {isa = PBXFileReference; fileEncoding = 4; lastKnownFileType = sourcecode.c.objc; path = "UIButton+BY.m"; sourceTree = "<group>"; };
		5353B27D1A6FEDA900163594 /* Base */ = {isa = PBXFileReference; lastKnownFileType = file.xib; name = Base; path = LaunchScreen.xib; sourceTree = "<group>"; };
		5353B27F1A6FEDA900163594 /* Base */ = {isa = PBXFileReference; lastKnownFileType = file.storyboard; name = Base; path = Main.storyboard; sourceTree = "<group>"; };
		5353B2821A6FEE0300163594 /* BY.pch */ = {isa = PBXFileReference; lastKnownFileType = sourcecode.c.h; path = BY.pch; sourceTree = "<group>"; };
/* End PBXFileReference section */

/* Begin PBXFrameworksBuildPhase section */
		532192AB1A6A9CA800A682A8 /* Frameworks */ = {
			isa = PBXFrameworksBuildPhase;
			buildActionMask = 2147483647;
			files = (
			);
			runOnlyForDeploymentPostprocessing = 0;
		};
		532192C41A6A9CA800A682A8 /* Frameworks */ = {
			isa = PBXFrameworksBuildPhase;
			buildActionMask = 2147483647;
			files = (
			);
			runOnlyForDeploymentPostprocessing = 0;
		};
/* End PBXFrameworksBuildPhase section */

/* Begin PBXGroup section */
		532192A51A6A9CA800A682A8 = {
			isa = PBXGroup;
			children = (
				532192B01A6A9CA800A682A8 /* BYDailyNews */,
				532192CA1A6A9CA800A682A8 /* BYDailyNewsTests */,
				532192AF1A6A9CA800A682A8 /* Products */,
			);
			sourceTree = "<group>";
		};
		532192AF1A6A9CA800A682A8 /* Products */ = {
			isa = PBXGroup;
			children = (
				532192AE1A6A9CA800A682A8 /* BYDailyNews.app */,
				532192C71A6A9CA800A682A8 /* BYDailyNewsTests.xctest */,
			);
			name = Products;
			sourceTree = "<group>";
		};
		532192B01A6A9CA800A682A8 /* BYDailyNews */ = {
			isa = PBXGroup;
			children = (
				532192DA1A6A9FD400A682A8 /* BYMainController.h */,
				532192DB1A6A9FD400A682A8 /* BYMainController.m */,
				5353B2821A6FEE0300163594 /* BY.pch */,
				5353B2561A6FEDA500163594 /* Views */,
				5353B24B1A6FEDA500163594 /* images */,
				5353B27B1A6FEDA900163594 /* Base.lproj */,
				5353B2501A6FEDA500163594 /* Images.xcassets */,
				5353B2511A6FEDA500163594 /* Info.plist */,
				5353B2521A6FEDA500163594 /* main.m */,
				5353B2531A6FEDA500163594 /* others */,
			);
			path = BYDailyNews;
			sourceTree = "<group>";
		};
		532192CA1A6A9CA800A682A8 /* BYDailyNewsTests */ = {
			isa = PBXGroup;
			children = (
				532192CD1A6A9CA800A682A8 /* BYDailyNewsTests.m */,
				532192CB1A6A9CA800A682A8 /* Supporting Files */,
			);
			path = BYDailyNewsTests;
			sourceTree = "<group>";
		};
		532192CB1A6A9CA800A682A8 /* Supporting Files */ = {
			isa = PBXGroup;
			children = (
				532192CC1A6A9CA800A682A8 /* Info.plist */,
			);
			name = "Supporting Files";
			sourceTree = "<group>";
		};
		5353B24B1A6FEDA500163594 /* images */ = {
			isa = PBXGroup;
			children = (
				5353B24C1A6FEDA500163594 /* Arrow.png */,
				5353B24D1A6FEDA500163594 /* delete.png */,
				5353B24E1A6FEDA500163594 /* head.jpg */,
				5353B24F1A6FEDA500163594 /* nav_bg.png */,
			);
			path = images;
			sourceTree = "<group>";
		};
		5353B2531A6FEDA500163594 /* others */ = {
			isa = PBXGroup;
			children = (
				5353B2541A6FEDA500163594 /* AppDelegate.h */,
				5353B2551A6FEDA500163594 /* AppDelegate.m */,
			);
			path = others;
			sourceTree = "<group>";
		};
		5353B2561A6FEDA500163594 /* Views */ = {
			isa = PBXGroup;
			children = (
				5353B2571A6FEDA500163594 /* BYConditionBar.h */,
				5353B2581A6FEDA500163594 /* BYConditionBar.m */,
				5353B2611A6FEDA500163594 /* SelectionButton.h */,
				5353B2621A6FEDA500163594 /* SelectionButton.m */,
				5353B2591A6FEDA500163594 /* BYSelectionDetails.h */,
				5353B25A1A6FEDA500163594 /* BYSelectionDetails.m */,
				5353B25D1A6FEDA500163594 /* BYSelectNewBar.h */,
				5353B25E1A6FEDA500163594 /* BYSelectNewBar.m */,
				5353B25B1A6FEDA500163594 /* BYSelectionView.h */,
				5353B25C1A6FEDA500163594 /* BYSelectionView.m */,
				5353B2631A6FEDA500163594 /* UIButton+BY.h */,
				5353B2641A6FEDA500163594 /* UIButton+BY.m */,
				5353B25F1A6FEDA500163594 /* otherProperties.plist */,
				5353B2601A6FEDA500163594 /* properties.plist */,
			);
			path = Views;
			sourceTree = "<group>";
		};
		5353B27B1A6FEDA900163594 /* Base.lproj */ = {
			isa = PBXGroup;
			children = (
				5353B27C1A6FEDA900163594 /* LaunchScreen.xib */,
				5353B27E1A6FEDA900163594 /* Main.storyboard */,
			);
			path = Base.lproj;
			sourceTree = "<group>";
		};
/* End PBXGroup section */

/* Begin PBXNativeTarget section */
		532192AD1A6A9CA800A682A8 /* BYDailyNews */ = {
			isa = PBXNativeTarget;
			buildConfigurationList = 532192D11A6A9CA800A682A8 /* Build configuration list for PBXNativeTarget "BYDailyNews" */;
			buildPhases = (
				532192AA1A6A9CA800A682A8 /* Sources */,
				532192AB1A6A9CA800A682A8 /* Frameworks */,
				532192AC1A6A9CA800A682A8 /* Resources */,
			);
			buildRules = (
			);
			dependencies = (
			);
			name = BYDailyNews;
			productName = BYDailyNews;
			productReference = 532192AE1A6A9CA800A682A8 /* BYDailyNews.app */;
			productType = "com.apple.product-type.application";
		};
		532192C61A6A9CA800A682A8 /* BYDailyNewsTests */ = {
			isa = PBXNativeTarget;
			buildConfigurationList = 532192D41A6A9CA800A682A8 /* Build configuration list for PBXNativeTarget "BYDailyNewsTests" */;
			buildPhases = (
				532192C31A6A9CA800A682A8 /* Sources */,
				532192C41A6A9CA800A682A8 /* Frameworks */,
				532192C51A6A9CA800A682A8 /* Resources */,
			);
			buildRules = (
			);
			dependencies = (
				532192C91A6A9CA800A682A8 /* PBXTargetDependency */,
			);
			name = BYDailyNewsTests;
			productName = BYDailyNewsTests;
			productReference = 532192C71A6A9CA800A682A8 /* BYDailyNewsTests.xctest */;
			productType = "com.apple.product-type.bundle.unit-test";
		};
/* End PBXNativeTarget section */

/* Begin PBXProject section */
		532192A61A6A9CA800A682A8 /* Project object */ = {
			isa = PBXProject;
			attributes = {
				LastUpgradeCheck = 0600;
				ORGANIZATIONNAME = apple;
				TargetAttributes = {
					532192AD1A6A9CA800A682A8 = {
						CreatedOnToolsVersion = 6.0.1;
					};
					532192C61A6A9CA800A682A8 = {
						CreatedOnToolsVersion = 6.0.1;
						TestTargetID = 532192AD1A6A9CA800A682A8;
					};
				};
			};
			buildConfigurationList = 532192A91A6A9CA800A682A8 /* Build configuration list for PBXProject "BYDailyNews" */;
			compatibilityVersion = "Xcode 3.2";
			developmentRegion = English;
			hasScannedForEncodings = 0;
			knownRegions = (
				en,
				Base,
			);
			mainGroup = 532192A51A6A9CA800A682A8;
			productRefGroup = 532192AF1A6A9CA800A682A8 /* Products */;
			projectDirPath = "";
			projectRoot = "";
			targets = (
				532192AD1A6A9CA800A682A8 /* BYDailyNews */,
				532192C61A6A9CA800A682A8 /* BYDailyNewsTests */,
			);
		};
/* End PBXProject section */

/* Begin PBXResourcesBuildPhase section */
		532192AC1A6A9CA800A682A8 /* Resources */ = {
			isa = PBXResourcesBuildPhase;
			buildActionMask = 2147483647;
			files = (
				5353B26A1A6FEDA500163594 /* delete.png in Resources */,
				5353B2811A6FEDA900163594 /* Main.storyboard in Resources */,
				5353B26D1A6FEDA500163594 /* Images.xcassets in Resources */,
				5353B26E1A6FEDA500163594 /* Info.plist in Resources */,
				5353B26B1A6FEDA500163594 /* head.jpg in Resources */,
				5353B26C1A6FEDA500163594 /* nav_bg.png in Resources */,
				5353B2751A6FEDA500163594 /* otherProperties.plist in Resources */,
				5353B2691A6FEDA500163594 /* Arrow.png in Resources */,
				5353B2801A6FEDA900163594 /* LaunchScreen.xib in Resources */,
				5353B2761A6FEDA500163594 /* properties.plist in Resources */,
			);
			runOnlyForDeploymentPostprocessing = 0;
		};
		532192C51A6A9CA800A682A8 /* Resources */ = {
			isa = PBXResourcesBuildPhase;
			buildActionMask = 2147483647;
			files = (
			);
			runOnlyForDeploymentPostprocessing = 0;
		};
/* End PBXResourcesBuildPhase section */

/* Begin PBXSourcesBuildPhase section */
		532192AA1A6A9CA800A682A8 /* Sources */ = {
			isa = PBXSourcesBuildPhase;
			buildActionMask = 2147483647;
			files = (
				5353B2731A6FEDA500163594 /* BYSelectionView.m in Sources */,
				5353B2781A6FEDA500163594 /* UIButton+BY.m in Sources */,
				5353B26F1A6FEDA500163594 /* main.m in Sources */,
				5353B2721A6FEDA500163594 /* BYSelectionDetails.m in Sources */,
				532192DC1A6A9FD400A682A8 /* BYMainController.m in Sources */,
				5353B2711A6FEDA500163594 /* BYConditionBar.m in Sources */,
				5353B2741A6FEDA500163594 /* BYSelectNewBar.m in Sources */,
				5353B2771A6FEDA500163594 /* SelectionButton.m in Sources */,
				5353B2701A6FEDA500163594 /* AppDelegate.m in Sources */,
			);
			runOnlyForDeploymentPostprocessing = 0;
		};
		532192C31A6A9CA800A682A8 /* Sources */ = {
			isa = PBXSourcesBuildPhase;
			buildActionMask = 2147483647;
			files = (
				532192CE1A6A9CA800A682A8 /* BYDailyNewsTests.m in Sources */,
			);
			runOnlyForDeploymentPostprocessing = 0;
		};
/* End PBXSourcesBuildPhase section */

/* Begin PBXTargetDependency section */
		532192C91A6A9CA800A682A8 /* PBXTargetDependency */ = {
			isa = PBXTargetDependency;
			target = 532192AD1A6A9CA800A682A8 /* BYDailyNews */;
			targetProxy = 532192C81A6A9CA800A682A8 /* PBXContainerItemProxy */;
		};
/* End PBXTargetDependency section */

/* Begin PBXVariantGroup section */
		5353B27C1A6FEDA900163594 /* LaunchScreen.xib */ = {
			isa = PBXVariantGroup;
			children = (
				5353B27D1A6FEDA900163594 /* Base */,
			);
			name = LaunchScreen.xib;
			sourceTree = "<group>";
		};
		5353B27E1A6FEDA900163594 /* Main.storyboard */ = {
			isa = PBXVariantGroup;
			children = (
				5353B27F1A6FEDA900163594 /* Base */,
			);
			name = Main.storyboard;
			sourceTree = "<group>";
		};
/* End PBXVariantGroup section */

/* Begin XCBuildConfiguration section */
		532192CF1A6A9CA800A682A8 /* Debug */ = {
			isa = XCBuildConfiguration;
			buildSettings = {
				ALWAYS_SEARCH_USER_PATHS = NO;
				CLANG_CXX_LANGUAGE_STANDARD = "gnu++0x";
				CLANG_CXX_LIBRARY = "libc++";
				CLANG_ENABLE_MODULES = YES;
				CLANG_ENABLE_OBJC_ARC = YES;
				CLANG_WARN_BOOL_CONVERSION = YES;
				CLANG_WARN_CONSTANT_CONVERSION = YES;
				CLANG_WARN_DIRECT_OBJC_ISA_USAGE = YES_ERROR;
				CLANG_WARN_EMPTY_BODY = YES;
				CLANG_WARN_ENUM_CONVERSION = YES;
				CLANG_WARN_INT_CONVERSION = YES;
				CLANG_WARN_OBJC_ROOT_CLASS = YES_ERROR;
				CLANG_WARN_UNREACHABLE_CODE = YES;
				CLANG_WARN__DUPLICATE_METHOD_MATCH = YES;
				"CODE_SIGN_IDENTITY[sdk=iphoneos*]" = "iPhone Developer";
				COPY_PHASE_STRIP = NO;
				ENABLE_STRICT_OBJC_MSGSEND = YES;
				GCC_C_LANGUAGE_STANDARD = gnu99;
				GCC_DYNAMIC_NO_PIC = NO;
				GCC_OPTIMIZATION_LEVEL = 0;
				GCC_PREPROCESSOR_DEFINITIONS = (
					"DEBUG=1",
					"$(inherited)",
				);
				GCC_SYMBOLS_PRIVATE_EXTERN = NO;
				GCC_WARN_64_TO_32_BIT_CONVERSION = YES;
				GCC_WARN_ABOUT_RETURN_TYPE = YES_ERROR;
				GCC_WARN_UNDECLARED_SELECTOR = YES;
				GCC_WARN_UNINITIALIZED_AUTOS = YES_AGGRESSIVE;
				GCC_WARN_UNUSED_FUNCTION = YES;
				GCC_WARN_UNUSED_VARIABLE = YES;
				IPHONEOS_DEPLOYMENT_TARGET = 8.0;
				MTL_ENABLE_DEBUG_INFO = YES;
				ONLY_ACTIVE_ARCH = YES;
				SDKROOT = iphoneos;
			};
			name = Debug;
		};
		532192D01A6A9CA800A682A8 /* Release */ = {
			isa = XCBuildConfiguration;
			buildSettings = {
				ALWAYS_SEARCH_USER_PATHS = NO;
				CLANG_CXX_LANGUAGE_STANDARD = "gnu++0x";
				CLANG_CXX_LIBRARY = "libc++";
				CLANG_ENABLE_MODULES = YES;
				CLANG_ENABLE_OBJC_ARC = YES;
				CLANG_WARN_BOOL_CONVERSION = YES;
				CLANG_WARN_CONSTANT_CONVERSION = YES;
				CLANG_WARN_DIRECT_OBJC_ISA_USAGE = YES_ERROR;
				CLANG_WARN_EMPTY_BODY = YES;
				CLANG_WARN_ENUM_CONVERSION = YES;
				CLANG_WARN_INT_CONVERSION = YES;
				CLANG_WARN_OBJC_ROOT_CLASS = YES_ERROR;
				CLANG_WARN_UNREACHABLE_CODE = YES;
				CLANG_WARN__DUPLICATE_METHOD_MATCH = YES;
				"CODE_SIGN_IDENTITY[sdk=iphoneos*]" = "iPhone Developer";
				COPY_PHASE_STRIP = YES;
				ENABLE_NS_ASSERTIONS = NO;
				ENABLE_STRICT_OBJC_MSGSEND = YES;
				GCC_C_LANGUAGE_STANDARD = gnu99;
				GCC_WARN_64_TO_32_BIT_CONVERSION = YES;
				GCC_WARN_ABOUT_RETURN_TYPE = YES_ERROR;
				GCC_WARN_UNDECLARED_SELECTOR = YES;
				GCC_WARN_UNINITIALIZED_AUTOS = YES_AGGRESSIVE;
				GCC_WARN_UNUSED_FUNCTION = YES;
				GCC_WARN_UNUSED_VARIABLE = YES;
				IPHONEOS_DEPLOYMENT_TARGET = 8.0;
				MTL_ENABLE_DEBUG_INFO = NO;
				SDKROOT = iphoneos;
				VALIDATE_PRODUCT = YES;
			};
			name = Release;
		};
		532192D21A6A9CA800A682A8 /* Debug */ = {
			isa = XCBuildConfiguration;
			buildSettings = {
				ASSETCATALOG_COMPILER_APPICON_NAME = AppIcon;
				GCC_PRECOMPILE_PREFIX_HEADER = YES;
				GCC_PREFIX_HEADER = BYDailyNews/BY.pch;
				INFOPLIST_FILE = BYDailyNews/Info.plist;
				LD_RUNPATH_SEARCH_PATHS = "$(inherited) @executable_path/Frameworks";
				PRODUCT_NAME = "$(TARGET_NAME)";
			};
			name = Debug;
		};
		532192D31A6A9CA800A682A8 /* Release */ = {
			isa = XCBuildConfiguration;
			buildSettings = {
				ASSETCATALOG_COMPILER_APPICON_NAME = AppIcon;
				GCC_PRECOMPILE_PREFIX_HEADER = YES;
				GCC_PREFIX_HEADER = BYDailyNews/BY.pch;
				INFOPLIST_FILE = BYDailyNews/Info.plist;
				LD_RUNPATH_SEARCH_PATHS = "$(inherited) @executable_path/Frameworks";
				PRODUCT_NAME = "$(TARGET_NAME)";
			};
			name = Release;
		};
		532192D51A6A9CA800A682A8 /* Debug */ = {
			isa = XCBuildConfiguration;
			buildSettings = {
				BUNDLE_LOADER = "$(TEST_HOST)";
				FRAMEWORK_SEARCH_PATHS = (
					"$(SDKROOT)/Developer/Library/Frameworks",
					"$(inherited)",
				);
				GCC_PREPROCESSOR_DEFINITIONS = (
					"DEBUG=1",
					"$(inherited)",
				);
				INFOPLIST_FILE = BYDailyNewsTests/Info.plist;
				LD_RUNPATH_SEARCH_PATHS = "$(inherited) @executable_path/Frameworks @loader_path/Frameworks";
				PRODUCT_NAME = "$(TARGET_NAME)";
				TEST_HOST = "$(BUILT_PRODUCTS_DIR)/BYDailyNews.app/BYDailyNews";
			};
			name = Debug;
		};
		532192D61A6A9CA800A682A8 /* Release */ = {
			isa = XCBuildConfiguration;
			buildSettings = {
				BUNDLE_LOADER = "$(TEST_HOST)";
				FRAMEWORK_SEARCH_PATHS = (
					"$(SDKROOT)/Developer/Library/Frameworks",
					"$(inherited)",
				);
				INFOPLIST_FILE = BYDailyNewsTests/Info.plist;
				LD_RUNPATH_SEARCH_PATHS = "$(inherited) @executable_path/Frameworks @loader_path/Frameworks";
				PRODUCT_NAME = "$(TARGET_NAME)";
				TEST_HOST = "$(BUILT_PRODUCTS_DIR)/BYDailyNews.app/BYDailyNews";
			};
			name = Release;
		};
/* End XCBuildConfiguration section */

/* Begin XCConfigurationList section */
		532192A91A6A9CA800A682A8 /* Build configuration list for PBXProject "BYDailyNews" */ = {
			isa = XCConfigurationList;
			buildConfigurations = (
				532192CF1A6A9CA800A682A8 /* Debug */,
				532192D01A6A9CA800A682A8 /* Release */,
			);
			defaultConfigurationIsVisible = 0;
			defaultConfigurationName = Release;
		};
		532192D11A6A9CA800A682A8 /* Build configuration list for PBXNativeTarget "BYDailyNews" */ = {
			isa = XCConfigurationList;
			buildConfigurations = (
				532192D21A6A9CA800A682A8 /* Debug */,
				532192D31A6A9CA800A682A8 /* Release */,
			);
			defaultConfigurationIsVisible = 0;
			defaultConfigurationName = Release;
		};
		532192D41A6A9CA800A682A8 /* Build configuration list for PBXNativeTarget "BYDailyNewsTests" */ = {
			isa = XCConfigurationList;
			buildConfigurations = (
				532192D51A6A9CA800A682A8 /* Debug */,
				532192D61A6A9CA800A682A8 /* Release */,
			);
			defaultConfigurationIsVisible = 0;
			defaultConfigurationName = Release;
		};
/* End XCConfigurationList section */
	};
	rootObject = 532192A61A6A9CA800A682A8 /* Project object */;
}
